// !$*UTF8*$!
{
	archiveVersion = 1;
	classes = {
	};
	objectVersion = 50;
	objects = {

/* Begin PBXBuildFile section */
		B71801CC2115BE5200C6262D /* AppDelegate.swift in Sources */ = {isa = PBXBuildFile; fileRef = B71801CB2115BE5200C6262D /* AppDelegate.swift */; };
		B71801D12115BE5200C6262D /* Main.storyboard in Resources */ = {isa = PBXBuildFile; fileRef = B71801CF2115BE5200C6262D /* Main.storyboard */; };
		B71801D32115BE5300C6262D /* Assets.xcassets in Resources */ = {isa = PBXBuildFile; fileRef = B71801D22115BE5300C6262D /* Assets.xcassets */; };
		B71801D62115BE5300C6262D /* LaunchScreen.storyboard in Resources */ = {isa = PBXBuildFile; fileRef = B71801D42115BE5300C6262D /* LaunchScreen.storyboard */; };
		B71801DE2115BF1600C6262D /* ToDo.swift in Sources */ = {isa = PBXBuildFile; fileRef = B71801DD2115BF1600C6262D /* ToDo.swift */; };
		B71801E12115C0BE00C6262D /* ToDoTableViewController.swift in Sources */ = {isa = PBXBuildFile; fileRef = B71801E02115C0BE00C6262D /* ToDoTableViewController.swift */; };
		B71801E32115C1D700C6262D /* Constants.swift in Sources */ = {isa = PBXBuildFile; fileRef = B71801E22115C1D700C6262D /* Constants.swift */; };
		B71801E52116CCE700C6262D /* ToDoViewController.swift in Sources */ = {isa = PBXBuildFile; fileRef = B71801E42116CCE700C6262D /* ToDoViewController.swift */; };
		B71801E72116F78600C6262D /* ToDoCell.swift in Sources */ = {isa = PBXBuildFile; fileRef = B71801E62116F78600C6262D /* ToDoCell.swift */; };
/* End PBXBuildFile section */

/* Begin PBXFileReference section */
		B71801C82115BE5200C6262D /* ToDoList.app */ = {isa = PBXFileReference; explicitFileType = wrapper.application; includeInIndex = 0; path = ToDoList.app; sourceTree = BUILT_PRODUCTS_DIR; };
		B71801CB2115BE5200C6262D /* AppDelegate.swift */ = {isa = PBXFileReference; lastKnownFileType = sourcecode.swift; path = AppDelegate.swift; sourceTree = "<group>"; };
		B71801D02115BE5200C6262D /* Base */ = {isa = PBXFileReference; lastKnownFileType = file.storyboard; name = Base; path = Base.lproj/Main.storyboard; sourceTree = "<group>"; };
		B71801D22115BE5300C6262D /* Assets.xcassets */ = {isa = PBXFileReference; lastKnownFileType = folder.assetcatalog; path = Assets.xcassets; sourceTree = "<group>"; };
		B71801D52115BE5300C6262D /* Base */ = {isa = PBXFileReference; lastKnownFileType = file.storyboard; name = Base; path = Base.lproj/LaunchScreen.storyboard; sourceTree = "<group>"; };
		B71801D72115BE5300C6262D /* Info.plist */ = {isa = PBXFileReference; lastKnownFileType = text.plist.xml; path = Info.plist; sourceTree = "<group>"; };
		B71801DD2115BF1600C6262D /* ToDo.swift */ = {isa = PBXFileReference; lastKnownFileType = sourcecode.swift; path = ToDo.swift; sourceTree = "<group>"; };
		B71801E02115C0BE00C6262D /* ToDoTableViewController.swift */ = {isa = PBXFileReference; lastKnownFileType = sourcecode.swift; path = ToDoTableViewController.swift; sourceTree = "<group>"; };
		B71801E22115C1D700C6262D /* Constants.swift */ = {isa = PBXFileReference; lastKnownFileType = sourcecode.swift; path = Constants.swift; sourceTree = "<group>"; };
		B71801E42116CCE700C6262D /* ToDoViewController.swift */ = {isa = PBXFileReference; lastKnownFileType = sourcecode.swift; path = ToDoViewController.swift; sourceTree = "<group>"; };
		B71801E62116F78600C6262D /* ToDoCell.swift */ = {isa = PBXFileReference; lastKnownFileType = sourcecode.swift; path = ToDoCell.swift; sourceTree = "<group>"; };
/* End PBXFileReference section */

/* Begin PBXFrameworksBuildPhase section */
		B71801C52115BE5200C6262D /* Frameworks */ = {
			isa = PBXFrameworksBuildPhase;
			buildActionMask = 2147483647;
			files = (
			);
			runOnlyForDeploymentPostprocessing = 0;
		};
/* End PBXFrameworksBuildPhase section */

/* Begin PBXGroup section */
		B71801BF2115BE5200C6262D = {
			isa = PBXGroup;
			children = (
				B71801CA2115BE5200C6262D /* ToDoList */,
				B71801C92115BE5200C6262D /* Products */,
			);
			sourceTree = "<group>";
		};
		B71801C92115BE5200C6262D /* Products */ = {
			isa = PBXGroup;
			children = (
				B71801C82115BE5200C6262D /* ToDoList.app */,
			);
			name = Products;
			sourceTree = "<group>";
		};
		B71801CA2115BE5200C6262D /* ToDoList */ = {
			isa = PBXGroup;
			children = (
				B71801E22115C1D700C6262D /* Constants.swift */,
				B71801DD2115BF1600C6262D /* ToDo.swift */,
				B71801E62116F78600C6262D /* ToDoCell.swift */,
				B71801E02115C0BE00C6262D /* ToDoTableViewController.swift */,
				B71801E42116CCE700C6262D /* ToDoViewController.swift */,
				B71801CF2115BE5200C6262D /* Main.storyboard */,
				B71801DF2115C09C00C6262D /* Supporting Files */,
			);
			path = ToDoList;
			sourceTree = "<group>";
		};
		B71801DF2115C09C00C6262D /* Supporting Files */ = {
			isa = PBXGroup;
			children = (
				B71801CB2115BE5200C6262D /* AppDelegate.swift */,
				B71801D22115BE5300C6262D /* Assets.xcassets */,
				B71801D42115BE5300C6262D /* LaunchScreen.storyboard */,
				B71801D72115BE5300C6262D /* Info.plist */,
			);
			path = "Supporting Files";
			sourceTree = "<group>";
		};
/* End PBXGroup section */

/* Begin PBXNativeTarget section */
		B71801C72115BE5200C6262D /* ToDoList */ = {
			isa = PBXNativeTarget;
			buildConfigurationList = B71801DA2115BE5300C6262D /* Build configuration list for PBXNativeTarget "ToDoList" */;
			buildPhases = (
				B71801C42115BE5200C6262D /* Sources */,
				B71801C52115BE5200C6262D /* Frameworks */,
				B71801C62115BE5200C6262D /* Resources */,
			);
			buildRules = (
			);
			dependencies = (
			);
			name = ToDoList;
			productName = ToDoList;
			productReference = B71801C82115BE5200C6262D /* ToDoList.app */;
			productType = "com.apple.product-type.application";
		};
/* End PBXNativeTarget section */

/* Begin PBXProject section */
		B71801C02115BE5200C6262D /* Project object */ = {
			isa = PBXProject;
			attributes = {
				LastSwiftUpdateCheck = 0940;
				LastUpgradeCheck = 0940;
				ORGANIZATIONNAME = Alkotsuki;
				TargetAttributes = {
					B71801C72115BE5200C6262D = {
						CreatedOnToolsVersion = 9.4.1;
					};
				};
			};
			buildConfigurationList = B71801C32115BE5200C6262D /* Build configuration list for PBXProject "ToDoList" */;
			compatibilityVersion = "Xcode 9.3";
			developmentRegion = en;
			hasScannedForEncodings = 0;
			knownRegions = (
				en,
				Base,
			);
			mainGroup = B71801BF2115BE5200C6262D;
			productRefGroup = B71801C92115BE5200C6262D /* Products */;
			projectDirPath = "";
			projectRoot = "";
			targets = (
				B71801C72115BE5200C6262D /* ToDoList */,
			);
		};
/* End PBXProject section */

/* Begin PBXResourcesBuildPhase section */
		B71801C62115BE5200C6262D /* Resources */ = {
			isa = PBXResourcesBuildPhase;
			buildActionMask = 2147483647;
			files = (
				B71801D62115BE5300C6262D /* LaunchScreen.storyboard in Resources */,
				B71801D32115BE5300C6262D /* Assets.xcassets in Resources */,
				B71801D12115BE5200C6262D /* Main.storyboard in Resources */,
			);
			runOnlyForDeploymentPostprocessing = 0;
		};
/* End PBXResourcesBuildPhase section */

/* Begin PBXSourcesBuildPhase section */
		B71801C42115BE5200C6262D /* Sources */ = {
			isa = PBXSourcesBuildPhase;
			buildActionMask = 2147483647;
			files = (
				B71801E52116CCE700C6262D /* ToDoViewController.swift in Sources */,
				B71801E72116F78600C6262D /* ToDoCell.swift in Sources */,
				B71801DE2115BF1600C6262D /* ToDo.swift in Sources */,
				B71801E12115C0BE00C6262D /* ToDoTableViewController.swift in Sources */,
				B71801CC2115BE5200C6262D /* AppDelegate.swift in Sources */,
				B71801E32115C1D700C6262D /* Constants.swift in Sources */,
			);
			runOnlyForDeploymentPostprocessing = 0;
		};
/* End PBXSourcesBuildPhase section */

/* Begin PBXVariantGroup section */
		B71801CF2115BE5200C6262D /* Main.storyboard */ = {
			isa = PBXVariantGroup;
			children = (
				B71801D02115BE5200C6262D /* Base */,
			);
			name = Main.storyboard;
			sourceTree = "<group>";
		};
		B71801D42115BE5300C6262D /* LaunchScreen.storyboard */ = {
			isa = PBXVariantGroup;
			children = (
				B71801D52115BE5300C6262D /* Base */,
			);
			name = LaunchScreen.storyboard;
			sourceTree = "<group>";
		};
/* End PBXVariantGroup section */

/* Begin XCBuildConfiguration section */
		B71801D82115BE5300C6262D /* Debug */ = {
			isa = XCBuildConfiguration;
			buildSettings = {
				ALWAYS_SEARCH_USER_PATHS = NO;
				CLANG_ANALYZER_NONNULL = YES;
				CLANG_ANALYZER_NUMBER_OBJECT_CONVERSION = YES_AGGRESSIVE;
				CLANG_CXX_LANGUAGE_STANDARD = "gnu++14";
				CLANG_CXX_LIBRARY = "libc++";
				CLANG_ENABLE_MODULES = YES;
				CLANG_ENABLE_OBJC_ARC = YES;
				CLANG_ENABLE_OBJC_WEAK = YES;
				CLANG_WARN_BLOCK_CAPTURE_AUTORELEASING = YES;
				CLANG_WARN_BOOL_CONVERSION = YES;
				CLANG_WARN_COMMA = YES;
				CLANG_WARN_CONSTANT_CONVERSION = YES;
				CLANG_WARN_DEPRECATED_OBJC_IMPLEMENTATIONS = YES;
				CLANG_WARN_DIRECT_OBJC_ISA_USAGE = YES_ERROR;
				CLANG_WARN_DOCUMENTATION_COMMENTS = YES;
				CLANG_WARN_EMPTY_BODY = YES;
				CLANG_WARN_ENUM_CONVERSION = YES;
				CLANG_WARN_INFINITE_RECURSION = YES;
				CLANG_WARN_INT_CONVERSION = YES;
				CLANG_WARN_NON_LITERAL_NULL_CONVERSION = YES;
				CLANG_WARN_OBJC_IMPLICIT_RETAIN_SELF = YES;
				CLANG_WARN_OBJC_LITERAL_CONVERSION = YES;
				CLANG_WARN_OBJC_ROOT_CLASS = YES_ERROR;
				CLANG_WARN_RANGE_LOOP_ANALYSIS = YES;
				CLANG_WARN_STRICT_PROTOTYPES = YES;
				CLANG_WARN_SUSPICIOUS_MOVE = YES;
				CLANG_WARN_UNGUARDED_AVAILABILITY = YES_AGGRESSIVE;
				CLANG_WARN_UNREACHABLE_CODE = YES;
				CLANG_WARN__DUPLICATE_METHOD_MATCH = YES;
				CODE_SIGN_IDENTITY = "iPhone Developer";
				COPY_PHASE_STRIP = NO;
				DEBUG_INFORMATION_FORMAT = dwarf;
				ENABLE_STRICT_OBJC_MSGSEND = YES;
				ENABLE_TESTABILITY = YES;
				GCC_C_LANGUAGE_STANDARD = gnu11;
				GCC_DYNAMIC_NO_PIC = NO;
				GCC_NO_COMMON_BLOCKS = YES;
				GCC_OPTIMIZATION_LEVEL = 0;
				GCC_PREPROCESSOR_DEFINITIONS = (
					"DEBUG=1",
					"$(inherited)",
				);
				GCC_WARN_64_TO_32_BIT_CONVERSION = YES;
				GCC_WARN_ABOUT_RETURN_TYPE = YES_ERROR;
				GCC_WARN_UNDECLARED_SELECTOR = YES;
				GCC_WARN_UNINITIALIZED_AUTOS = YES_AGGRESSIVE;
				GCC_WARN_UNUSED_FUNCTION = YES;
				GCC_WARN_UNUSED_VARIABLE = YES;
				IPHONEOS_DEPLOYMENT_TARGET = 11.4;
				MTL_ENABLE_DEBUG_INFO = YES;
				ONLY_ACTIVE_ARCH = YES;
				SDKROOT = iphoneos;
				SWIFT_ACTIVE_COMPILATION_CONDITIONS = DEBUG;
				SWIFT_OPTIMIZATION_LEVEL = "-Onone";
			};
			name = Debug;
		};
		B71801D92115BE5300C6262D /* Release */ = {
			isa = XCBuildConfiguration;
			buildSettings = {
				ALWAYS_SEARCH_USER_PATHS = NO;
				CLANG_ANALYZER_NONNULL = YES;
				CLANG_ANALYZER_NUMBER_OBJECT_CONVERSION = YES_AGGRESSIVE;
				CLANG_CXX_LANGUAGE_STANDARD = "gnu++14";
				CLANG_CXX_LIBRARY = "libc++";
				CLANG_ENABLE_MODULES = YES;
				CLANG_ENABLE_OBJC_ARC = YES;
				CLANG_ENABLE_OBJC_WEAK = YES;
				CLANG_WARN_BLOCK_CAPTURE_AUTORELEASING = YES;
				CLANG_WARN_BOOL_CONVERSION = YES;
				CLANG_WARN_COMMA = YES;
				CLANG_WARN_CONSTANT_CONVERSION = YES;
				CLANG_WARN_DEPRECATED_OBJC_IMPLEMENTATIONS = YES;
				CLANG_WARN_DIRECT_OBJC_ISA_USAGE = YES_ERROR;
				CLANG_WARN_DOCUMENTATION_COMMENTS = YES;
				CLANG_WARN_EMPTY_BODY = YES;
				CLANG_WARN_ENUM_CONVERSION = YES;
				CLANG_WARN_INFINITE_RECURSION = YES;
				CLANG_WARN_INT_CONVERSION = YES;
				CLANG_WARN_NON_LITERAL_NULL_CONVERSION = YES;
				CLANG_WARN_OBJC_IMPLICIT_RETAIN_SELF = YES;
				CLANG_WARN_OBJC_LITERAL_CONVERSION = YES;
				CLANG_WARN_OBJC_ROOT_CLASS = YES_ERROR;
				CLANG_WARN_RANGE_LOOP_ANALYSIS = YES;
				CLANG_WARN_STRICT_PROTOTYPES = YES;
				CLANG_WARN_SUSPICIOUS_MOVE = YES;
				CLANG_WARN_UNGUARDED_AVAILABILITY = YES_AGGRESSIVE;
				CLANG_WARN_UNREACHABLE_CODE = YES;
				CLANG_WARN__DUPLICATE_METHOD_MATCH = YES;
				CODE_SIGN_IDENTITY = "iPhone Developer";
				COPY_PHASE_STRIP = NO;
				DEBUG_INFORMATION_FORMAT = "dwarf-with-dsym";
				ENABLE_NS_ASSERTIONS = NO;
				ENABLE_STRICT_OBJC_MSGSEND = YES;
				GCC_C_LANGUAGE_STANDARD = gnu11;
				GCC_NO_COMMON_BLOCKS = YES;
				GCC_WARN_64_TO_32_BIT_CONVERSION = YES;
				GCC_WARN_ABOUT_RETURN_TYPE = YES_ERROR;
				GCC_WARN_UNDECLARED_SELECTOR = YES;
				GCC_WARN_UNINITIALIZED_AUTOS = YES_AGGRESSIVE;
				GCC_WARN_UNUSED_FUNCTION = YES;
				GCC_WARN_UNUSED_VARIABLE = YES;
				IPHONEOS_DEPLOYMENT_TARGET = 11.4;
				MTL_ENABLE_DEBUG_INFO = NO;
				SDKROOT = iphoneos;
				SWIFT_COMPILATION_MODE = wholemodule;
				SWIFT_OPTIMIZATION_LEVEL = "-O";
				VALIDATE_PRODUCT = YES;
			};
			name = Release;
		};
		B71801DB2115BE5300C6262D /* Debug */ = {
			isa = XCBuildConfiguration;
			buildSettings = {
				ASSETCATALOG_COMPILER_APPICON_NAME = AppIcon;
				CODE_SIGN_STYLE = Automatic;
				DEVELOPMENT_TEAM = WLS2Y9L8B6;
				INFOPLIST_FILE = "$(SRCROOT)/ToDoList/Supporting Files/Info.plist";
				LD_RUNPATH_SEARCH_PATHS = (
					"$(inherited)",
					"@executable_path/Frameworks",
				);
				PRODUCT_BUNDLE_IDENTIFIER = com.alkotsuki.ToDoList;
				PRODUCT_NAME = "$(TARGET_NAME)";
				SWIFT_VERSION = 4.0;
				TARGETED_DEVICE_FAMILY = "1,2";
			};
			name = Debug;
		};
		B71801DC2115BE5300C6262D /* Release */ = {
			isa = XCBuildConfiguration;
			buildSettings = {
				ASSETCATALOG_COMPILER_APPICON_NAME = AppIcon;
				CODE_SIGN_STYLE = Automatic;
				DEVELOPMENT_TEAM = WLS2Y9L8B6;
				INFOPLIST_FILE = "$(SRCROOT)/ToDoList/Supporting Files/Info.plist";
				LD_RUNPATH_SEARCH_PATHS = (
					"$(inherited)",
					"@executable_path/Frameworks",
				);
				PRODUCT_BUNDLE_IDENTIFIER = com.alkotsuki.ToDoList;
				PRODUCT_NAME = "$(TARGET_NAME)";
				SWIFT_VERSION = 4.0;
				TARGETED_DEVICE_FAMILY = "1,2";
			};
			name = Release;
		};
/* End XCBuildConfiguration section */

/* Begin XCConfigurationList section */
		B71801C32115BE5200C6262D /* Build configuration list for PBXProject "ToDoList" */ = {
			isa = XCConfigurationList;
			buildConfigurations = (
				B71801D82115BE5300C6262D /* Debug */,
				B71801D92115BE5300C6262D /* Release */,
			);
			defaultConfigurationIsVisible = 0;
			defaultConfigurationName = Release;
		};
		B71801DA2115BE5300C6262D /* Build configuration list for PBXNativeTarget "ToDoList" */ = {
			isa = XCConfigurationList;
			buildConfigurations = (
				B71801DB2115BE5300C6262D /* Debug */,
				B71801DC2115BE5300C6262D /* Release */,
			);
			defaultConfigurationIsVisible = 0;
			defaultConfigurationName = Release;
		};
/* End XCConfigurationList section */
	};
	rootObject = B71801C02115BE5200C6262D /* Project object */;
}
